
Microsoft Visual Studio Solution File, Format Version 12.00
# Visual Studio Version 17
VisualStudioVersion = 17.14.36518.9 d17.14
MinimumVisualStudioVersion = 10.0.40219.1
Project("{FAE04EC0-301F-11D3-BF4B-00C04F79EFBC}") = "EF_DTO_Automapper", "EF_DTO_Automapper\EF_DTO_Automapper.csproj", "{AE9EAB58-1A89-46D6-B679-B3E6632303D2}"
EndProject
Global
	GlobalSection(SolutionConfigurationPlatforms) = preSolution
		Debug|Any CPU = Debug|Any CPU
		Release|Any CPU = Release|Any CPU
	EndGlobalSection
	GlobalSection(ProjectConfigurationPlatforms) = postSolution
		{AE9EAB58-1A89-46D6-B679-B3E6632303D2}.Debug|Any CPU.ActiveCfg = Debug|Any CPU
		{AE9EAB58-1A89-46D6-B679-B3E6632303D2}.Debug|Any CPU.Build.0 = Debug|Any CPU
		{AE9EAB58-1A89-46D6-B679-B3E6632303D2}.Release|Any CPU.ActiveCfg = Release|Any CPU
		{AE9EAB58-1A89-46D6-B679-B3E6632303D2}.Release|Any CPU.Build.0 = Release|Any CPU
	EndGlobalSection
	GlobalSection(SolutionProperties) = preSolution
		HideSolutionNode = FALSE
	EndGlobalSection
	GlobalSection(ExtensibilityGlobals) = postSolution
		SolutionGuid = {FC7EDDC1-F993-4D2A-A8EB-AC54AD3DB01B}
	EndGlobalSection
EndGlobal
